
Microsoft Visual Studio Solution File, Format Version 12.00
# Visual Studio Version 17
VisualStudioVersion = 17.1.32210.238
MinimumVisualStudioVersion = 10.0.40219.1
Project("{9A19103F-16F7-4668-BE54-9A1E7A4F7556}") = "Midterm", "Midterm\Midterm.csproj", "{69CBFFD1-3EB6-4E78-8EEE-CC8108B295FE}"
EndProject
Project("{FAE04EC0-301F-11D3-BF4B-00C04F79EFBC}") = "RandomNumberTest", "RandomNumberTest\RandomNumberTest.csproj", "{4DFDACA3-ED03-42E2-8518-4C480D71AC9E}"
EndProject
Project("{FAE04EC0-301F-11D3-BF4B-00C04F79EFBC}") = "RemoveLettersTest", "RemoveLettersTest\RemoveLettersTest.csproj", "{4BECEDE6-91AA-4358-8879-0BD6EB913D56}"
EndProject
Project("{FAE04EC0-301F-11D3-BF4B-00C04F79EFBC}") = "EndsWithTest", "EndsWithTest\EndsWithTest.csproj", "{9CB83577-12A4-461C-A2D7-55FE63603DAC}"
EndProject
Project("{FAE04EC0-301F-11D3-BF4B-00C04F79EFBC}") = "GradeTest", "GradeTest\GradeTest.csproj", "{4A2C3569-98AA-4160-9E18-762F68C367C2}"
EndProject
Global
	GlobalSection(SolutionConfigurationPlatforms) = preSolution
		Debug|Any CPU = Debug|Any CPU
		Release|Any CPU = Release|Any CPU
	EndGlobalSection
	GlobalSection(ProjectConfigurationPlatforms) = postSolution
		{69CBFFD1-3EB6-4E78-8EEE-CC8108B295FE}.Debug|Any CPU.ActiveCfg = Debug|Any CPU
		{69CBFFD1-3EB6-4E78-8EEE-CC8108B295FE}.Debug|Any CPU.Build.0 = Debug|Any CPU
		{69CBFFD1-3EB6-4E78-8EEE-CC8108B295FE}.Release|Any CPU.ActiveCfg = Release|Any CPU
		{69CBFFD1-3EB6-4E78-8EEE-CC8108B295FE}.Release|Any CPU.Build.0 = Release|Any CPU
		{4DFDACA3-ED03-42E2-8518-4C480D71AC9E}.Debug|Any CPU.ActiveCfg = Debug|Any CPU
		{4DFDACA3-ED03-42E2-8518-4C480D71AC9E}.Debug|Any CPU.Build.0 = Debug|Any CPU
		{4DFDACA3-ED03-42E2-8518-4C480D71AC9E}.Release|Any CPU.ActiveCfg = Release|Any CPU
		{4DFDACA3-ED03-42E2-8518-4C480D71AC9E}.Release|Any CPU.Build.0 = Release|Any CPU
		{4BECEDE6-91AA-4358-8879-0BD6EB913D56}.Debug|Any CPU.ActiveCfg = Debug|Any CPU
		{4BECEDE6-91AA-4358-8879-0BD6EB913D56}.Debug|Any CPU.Build.0 = Debug|Any CPU
		{4BECEDE6-91AA-4358-8879-0BD6EB913D56}.Release|Any CPU.ActiveCfg = Release|Any CPU
		{4BECEDE6-91AA-4358-8879-0BD6EB913D56}.Release|Any CPU.Build.0 = Release|Any CPU
		{9CB83577-12A4-461C-A2D7-55FE63603DAC}.Debug|Any CPU.ActiveCfg = Debug|Any CPU
		{9CB83577-12A4-461C-A2D7-55FE63603DAC}.Debug|Any CPU.Build.0 = Debug|Any CPU
		{9CB83577-12A4-461C-A2D7-55FE63603DAC}.Release|Any CPU.ActiveCfg = Release|Any CPU
		{9CB83577-12A4-461C-A2D7-55FE63603DAC}.Release|Any CPU.Build.0 = Release|Any CPU
		{4A2C3569-98AA-4160-9E18-762F68C367C2}.Debug|Any CPU.ActiveCfg = Debug|Any CPU
		{4A2C3569-98AA-4160-9E18-762F68C367C2}.Debug|Any CPU.Build.0 = Debug|Any CPU
		{4A2C3569-98AA-4160-9E18-762F68C367C2}.Release|Any CPU.ActiveCfg = Release|Any CPU
		{4A2C3569-98AA-4160-9E18-762F68C367C2}.Release|Any CPU.Build.0 = Release|Any CPU
	EndGlobalSection
	GlobalSection(SolutionProperties) = preSolution
		HideSolutionNode = FALSE
	EndGlobalSection
	GlobalSection(ExtensibilityGlobals) = postSolution
		SolutionGuid = {0731F375-56FF-4EFC-8A8B-783D8ECDFBDD}
	EndGlobalSection
EndGlobal
